github.com/panjf2000/ants v0.0.0-20181002135227-29730bb70343 h1:BPGbBqy+30igjFglTFXJhzdeQ+eP3RlxiIyC7pOkjUk=
github.com/panjf2000/ants v0.0.0-20181002135227-29730bb70343/go.mod h1:AaACblRPzq35m1g3enqYcxspbbiOJJYaxU2wMpm1cXY=
github.com/pkg/errors v0.8.0 h1:WdK/asTD0HN+q6hsWO3/vpuAkAr+tw6aNJNDFFf0+qw=
github.com/pkg/errors v0.8.0/go.mod h1:bwawxfHBFNV+L2hUp1rHADufV3IMtnDRdf1r5NINEl0=
github.com/rs/zerolog v1.9.1 h1:AjV/SFRF0+gEa6rSjkh0Eji/DnkrJKVpPho6SW5g4mU=
github.com/rs/zerolog v1.9.1/go.mod h1:YbFCdg8HfsridGWAh22vktObvhZbQsZXe4/zB0OKkWU=
